
Microsoft Visual Studio Solution File, Format Version 12.00
# Visual Studio 2012
Project("{FAE04EC0-301F-11D3-BF4B-00C04F79EFBC}") = "Mvx.Picasso.Droid", "Mvx.Picasso.Droid\Mvx.Picasso.Droid.csproj", "{AEB3F771-55A9-4958-A0CB-04E4AF83E822}"
EndProject
Project("{FAE04EC0-301F-11D3-BF4B-00C04F79EFBC}") = "Mvx.Picasso", "Mvx.Picasso\Mvx.Picasso.csproj", "{88D48251-F776-458E-AE59-E407F9AF5051}"
EndProject
Project("{FAE04EC0-301F-11D3-BF4B-00C04F79EFBC}") = "Client.Core", "Client.Core\Client.Core.csproj", "{89EFCAFE-880D-4CBF-8B44-ADC13CFBEB23}"
EndProject
Project("{FAE04EC0-301F-11D3-BF4B-00C04F79EFBC}") = "Client.Droid", "Client.Droid\Client.Droid.csproj", "{4071E919-02A5-4FA8-907F-146F5F454F43}"
EndProject
Global
	GlobalSection(SolutionConfigurationPlatforms) = preSolution
		Debug|Any CPU = Debug|Any CPU
		Release|Any CPU = Release|Any CPU
	EndGlobalSection
	GlobalSection(ProjectConfigurationPlatforms) = postSolution
		{AEB3F771-55A9-4958-A0CB-04E4AF83E822}.Debug|Any CPU.ActiveCfg = Debug|Any CPU
		{AEB3F771-55A9-4958-A0CB-04E4AF83E822}.Debug|Any CPU.Build.0 = Debug|Any CPU
		{AEB3F771-55A9-4958-A0CB-04E4AF83E822}.Release|Any CPU.ActiveCfg = Release|Any CPU
		{AEB3F771-55A9-4958-A0CB-04E4AF83E822}.Release|Any CPU.Build.0 = Release|Any CPU
		{88D48251-F776-458E-AE59-E407F9AF5051}.Debug|Any CPU.ActiveCfg = Debug|Any CPU
		{88D48251-F776-458E-AE59-E407F9AF5051}.Debug|Any CPU.Build.0 = Debug|Any CPU
		{88D48251-F776-458E-AE59-E407F9AF5051}.Release|Any CPU.ActiveCfg = Release|Any CPU
		{88D48251-F776-458E-AE59-E407F9AF5051}.Release|Any CPU.Build.0 = Release|Any CPU
		{89EFCAFE-880D-4CBF-8B44-ADC13CFBEB23}.Debug|Any CPU.ActiveCfg = Debug|Any CPU
		{89EFCAFE-880D-4CBF-8B44-ADC13CFBEB23}.Debug|Any CPU.Build.0 = Debug|Any CPU
		{89EFCAFE-880D-4CBF-8B44-ADC13CFBEB23}.Release|Any CPU.ActiveCfg = Release|Any CPU
		{89EFCAFE-880D-4CBF-8B44-ADC13CFBEB23}.Release|Any CPU.Build.0 = Release|Any CPU
		{4071E919-02A5-4FA8-907F-146F5F454F43}.Debug|Any CPU.ActiveCfg = Debug|Any CPU
		{4071E919-02A5-4FA8-907F-146F5F454F43}.Debug|Any CPU.Build.0 = Debug|Any CPU
		{4071E919-02A5-4FA8-907F-146F5F454F43}.Release|Any CPU.ActiveCfg = Release|Any CPU
		{4071E919-02A5-4FA8-907F-146F5F454F43}.Release|Any CPU.Build.0 = Release|Any CPU
	EndGlobalSection
EndGlobal
